
Microsoft Visual Studio Solution File, Format Version 12.00
# Visual Studio Version 17
VisualStudioVersion = 17.8.34408.163
MinimumVisualStudioVersion = 10.0.40219.1
Project("{9A19103F-16F7-4668-BE54-9A1E7A4F7556}") = "ToDoList.Api", "ToDoList.Api\ToDoList.Api.csproj", "{C9E92831-3A17-4CB9-BCDE-37DCA94D9F3B}"
EndProject
Project("{9A19103F-16F7-4668-BE54-9A1E7A4F7556}") = "ToDoList.Shared", "ToDoList.Shared\ToDoList.Shared.csproj", "{D0DFF26C-C53B-4708-B203-645C919CD0F5}"
EndProject
Project("{9A19103F-16F7-4668-BE54-9A1E7A4F7556}") = "ToDoList.Client", "ToDoList.Client\ToDoList.Client.csproj", "{7C9A27C5-58D2-4EBD-9EC8-BD15B25E537F}"
EndProject
Global
	GlobalSection(SolutionConfigurationPlatforms) = preSolution
		Debug|Any CPU = Debug|Any CPU
		Release|Any CPU = Release|Any CPU
	EndGlobalSection
	GlobalSection(ProjectConfigurationPlatforms) = postSolution
		{C9E92831-3A17-4CB9-BCDE-37DCA94D9F3B}.Debug|Any CPU.ActiveCfg = Debug|Any CPU
		{C9E92831-3A17-4CB9-BCDE-37DCA94D9F3B}.Debug|Any CPU.Build.0 = Debug|Any CPU
		{C9E92831-3A17-4CB9-BCDE-37DCA94D9F3B}.Release|Any CPU.ActiveCfg = Release|Any CPU
		{C9E92831-3A17-4CB9-BCDE-37DCA94D9F3B}.Release|Any CPU.Build.0 = Release|Any CPU
		{D0DFF26C-C53B-4708-B203-645C919CD0F5}.Debug|Any CPU.ActiveCfg = Debug|Any CPU
		{D0DFF26C-C53B-4708-B203-645C919CD0F5}.Debug|Any CPU.Build.0 = Debug|Any CPU
		{D0DFF26C-C53B-4708-B203-645C919CD0F5}.Release|Any CPU.ActiveCfg = Release|Any CPU
		{D0DFF26C-C53B-4708-B203-645C919CD0F5}.Release|Any CPU.Build.0 = Release|Any CPU
		{7C9A27C5-58D2-4EBD-9EC8-BD15B25E537F}.Debug|Any CPU.ActiveCfg = Debug|Any CPU
		{7C9A27C5-58D2-4EBD-9EC8-BD15B25E537F}.Debug|Any CPU.Build.0 = Debug|Any CPU
		{7C9A27C5-58D2-4EBD-9EC8-BD15B25E537F}.Release|Any CPU.ActiveCfg = Release|Any CPU
		{7C9A27C5-58D2-4EBD-9EC8-BD15B25E537F}.Release|Any CPU.Build.0 = Release|Any CPU
	EndGlobalSection
	GlobalSection(SolutionProperties) = preSolution
		HideSolutionNode = FALSE
	EndGlobalSection
	GlobalSection(ExtensibilityGlobals) = postSolution
		SolutionGuid = {D0EA68A1-4D03-4F85-A23C-872D046C0D29}
	EndGlobalSection
EndGlobal
